
Microsoft Visual Studio Solution File, Format Version 12.00
# Visual Studio Version 16
VisualStudioVersion = 16.0.30114.105
MinimumVisualStudioVersion = 10.0.40219.1
Project("{FAE04EC0-301F-11D3-BF4B-00C04F79EFBC}") = "BlazorChat", "BlazorChat\BlazorChat.csproj", "{3CE7AC18-C75C-4C5F-9922-D30ABE0A4791}"
EndProject
Global
	GlobalSection(SolutionConfigurationPlatforms) = preSolution
		Debug|Any CPU = Debug|Any CPU
		Release|Any CPU = Release|Any CPU
	EndGlobalSection
	GlobalSection(ProjectConfigurationPlatforms) = postSolution
		{3CE7AC18-C75C-4C5F-9922-D30ABE0A4791}.Debug|Any CPU.ActiveCfg = Debug|Any CPU
		{3CE7AC18-C75C-4C5F-9922-D30ABE0A4791}.Debug|Any CPU.Build.0 = Debug|Any CPU
		{3CE7AC18-C75C-4C5F-9922-D30ABE0A4791}.Release|Any CPU.ActiveCfg = Release|Any CPU
		{3CE7AC18-C75C-4C5F-9922-D30ABE0A4791}.Release|Any CPU.Build.0 = Release|Any CPU
	EndGlobalSection
	GlobalSection(SolutionProperties) = preSolution
		HideSolutionNode = FALSE
	EndGlobalSection
	GlobalSection(ExtensibilityGlobals) = postSolution
		SolutionGuid = {BB0027E1-E15A-4330-8E8A-91A5675C41E2}
	EndGlobalSection
EndGlobal
